{
    "_meta": {
        "hash": {
            "sha256": "3beade4d0fc1325596d8a29ac06068092643ed418d879942b76bcf2e2e1dd182"
        },
        "pipfile-spec": 6,
        "requires": {
            "python_version": "3.9"
        },
        "sources": [
            {
                "name": "pypi",
                "url": "https://pypi.org/simple",
                "verify_ssl": true
            }
        ]
    },
    "default": {
        "crispy-tailwind": {
            "hashes": [
                "sha256:0041c85b73b0a197e312ab969bd505aa1f96752a6a50324377287c2b6be3c0cb",
                "sha256:65cfcdf8dce96be37c99578e2688ed2d0067e6ff633baaf657358b3b3be052c7"
            ],
            "index": "pypi",
            "version": "==0.5.0"
        },
        "django-crispy-forms": {
            "hashes": [
                "sha256:4dc9e5263c91c5f51766806a050ca2ec5c349d34c5cd91fcca3a1a0363b5e29e",
                "sha256:9c49d29dd9e98dc2e6e3a8b02670d72deb6edf7bc616986ca412d72c306b36a0"
            ],
            "index": "pypi",
            "version": "==1.13.0"
        }
    },
    "develop": {}
}
